
Microsoft Visual Studio Solution File, Format Version 12.00
# Visual Studio 15
VisualStudioVersion = 15.0.26430.16
MinimumVisualStudioVersion = 10.0.40219.1
Project("{FAE04EC0-301F-11D3-BF4B-00C04F79EFBC}") = "UnityFinger", "UnityFinger\UnityFinger.csproj", "{624E82E9-C934-4BB2-9DCE-D3C5C6239B65}"
EndProject
Project("{FAE04EC0-301F-11D3-BF4B-00C04F79EFBC}") = "UnityFinger.Test", "UnityFinger\UnityFinger.Test.csproj", "{F9A45E62-F33D-4E7D-A56E-792E1F931E28}"
EndProject
Global
	GlobalSection(SolutionConfigurationPlatforms) = preSolution
		Debug|Any CPU = Debug|Any CPU
		Release|Any CPU = Release|Any CPU
	EndGlobalSection
	GlobalSection(ProjectConfigurationPlatforms) = postSolution
		{624E82E9-C934-4BB2-9DCE-D3C5C6239B65}.Debug|Any CPU.ActiveCfg = Release|Any CPU
		{624E82E9-C934-4BB2-9DCE-D3C5C6239B65}.Debug|Any CPU.Build.0 = Release|Any CPU
		{624E82E9-C934-4BB2-9DCE-D3C5C6239B65}.Release|Any CPU.ActiveCfg = Release|Any CPU
		{624E82E9-C934-4BB2-9DCE-D3C5C6239B65}.Release|Any CPU.Build.0 = Release|Any CPU
		{F9A45E62-F33D-4E7D-A56E-792E1F931E28}.Debug|Any CPU.ActiveCfg = Debug|Any CPU
		{F9A45E62-F33D-4E7D-A56E-792E1F931E28}.Debug|Any CPU.Build.0 = Debug|Any CPU
		{F9A45E62-F33D-4E7D-A56E-792E1F931E28}.Release|Any CPU.ActiveCfg = Release|Any CPU
		{F9A45E62-F33D-4E7D-A56E-792E1F931E28}.Release|Any CPU.Build.0 = Release|Any CPU
	EndGlobalSection
	GlobalSection(SolutionProperties) = preSolution
		HideSolutionNode = FALSE
	EndGlobalSection
EndGlobal
